
Microsoft Visual Studio Solution File, Format Version 12.00
# Visual Studio Version 16
VisualStudioVersion = 16.0.32126.315
MinimumVisualStudioVersion = 10.0.40219.1
Project("{9A19103F-16F7-4668-BE54-9A1E7A4F7556}") = "Demo-Text", "Demo-Text\Demo-Text.csproj", "{BAB4DFC6-0FA9-44AD-95CF-B72BD8D23061}"
EndProject
Project("{9A19103F-16F7-4668-BE54-9A1E7A4F7556}") = "Demo-Convertion", "Demo-Convertion\Demo-Convertion.csproj", "{AA57AFA8-54C7-46FF-A2FF-04E8521A262A}"
EndProject
Project("{9A19103F-16F7-4668-BE54-9A1E7A4F7556}") = "Demo-Operators", "Demo-Operators\Demo-Operators.csproj", "{625EF214-D572-43C9-8D4D-F8FB6D5644F0}"
EndProject
Project("{9A19103F-16F7-4668-BE54-9A1E7A4F7556}") = "Demo-Condition", "Demo-Condition\Demo-Condition.csproj", "{864A0CB8-0627-4146-A1AB-B1F492FD42A8}"
EndProject
Project("{9A19103F-16F7-4668-BE54-9A1E7A4F7556}") = "Demo-PatternMatching", "Demo-PatternMatching\Demo-PatternMatching.csproj", "{D8AC5255-8E4C-403A-AB30-91D5CC32B1FC}"
EndProject
Project("{9A19103F-16F7-4668-BE54-9A1E7A4F7556}") = "Demo-Boucles", "Demo-Boucles\Demo-Boucles.csproj", "{7FDCA05D-C463-4BB8-9276-FB09708F7AF7}"
EndProject
Project("{9A19103F-16F7-4668-BE54-9A1E7A4F7556}") = "Demo-Tableau", "Demo-Tableau\Demo-Tableau.csproj", "{9697D4E5-6643-4E1A-8A08-2A41FE858805}"
EndProject
Project("{9A19103F-16F7-4668-BE54-9A1E7A4F7556}") = "Demo-Collections", "Demo-Collections\Demo-Collections.csproj", "{7265ED52-43B1-47DF-9DA3-0A86C4FE921E}"
EndProject
Project("{9A19103F-16F7-4668-BE54-9A1E7A4F7556}") = "Demo-Collections-Generiques", "Demo-Collections-Generiques\Demo-Collections-Generiques.csproj", "{720A496F-EE38-4724-9FFF-94C54D19B09A}"
EndProject
Project("{9A19103F-16F7-4668-BE54-9A1E7A4F7556}") = "Demo-ToCharArray", "Demo-ToCharArray\Demo-ToCharArray.csproj", "{5720EED1-88AB-4EA1-A4CA-09D27B98F52E}"
EndProject
Project("{FAE04EC0-301F-11D3-BF4B-00C04F79EFBC}") = "Demo-Structures", "Demo-Structures\Demo-Structures.csproj", "{E544753F-412E-4DF4-ADC6-CB1E0F4B6C53}"
EndProject
Project("{FAE04EC0-301F-11D3-BF4B-00C04F79EFBC}") = "Demo-Voitures-Structures+collections", "Demo-Voitures-Structures+collections\Demo-Voitures-Structures+collections.csproj", "{EEBE8164-ACDF-4FBB-A0AB-7A51E2E66359}"
EndProject
Project("{FAE04EC0-301F-11D3-BF4B-00C04F79EFBC}") = "Demo-Methode-01", "Demo-Methode-01\Demo-Methode-01.csproj", "{76269859-8538-4DA9-9CC8-47EC26FD6BE0}"
EndProject
Project("{FAE04EC0-301F-11D3-BF4B-00C04F79EFBC}") = "Demo-Methode-02", "Demo-Methode-02\Demo-Methode-02.csproj", "{9A5EBADA-714C-40A0-9682-8C684CABB8EE}"
EndProject
Project("{FAE04EC0-301F-11D3-BF4B-00C04F79EFBC}") = "Demo-Methode-03", "Demo-Methode-03\Demo-Methode-03.csproj", "{9F6825D5-2FB0-4D18-8832-44C998C134CA}"
EndProject
Project("{FAE04EC0-301F-11D3-BF4B-00C04F79EFBC}") = "Demo-Static01", "Demo-Static01\Demo-Static01.csproj", "{896A7FEB-4DCA-4D9B-AC4A-D2F534F13B49}"
EndProject
Project("{FAE04EC0-301F-11D3-BF4B-00C04F79EFBC}") = "Demo-Enumeration", "Demo-Enumeration\Demo-Enumeration.csproj", "{4EEAA3D8-FFE4-42D2-AFAB-72F7F4750B64}"
EndProject
Project("{FAE04EC0-301F-11D3-BF4B-00C04F79EFBC}") = "Demo-Enumerations-02", "Demo-Enumerations-02\Demo-Enumerations-02.csproj", "{596B82AC-D7E2-496F-B132-262FC7E22B23}"
EndProject
Global
	GlobalSection(SolutionConfigurationPlatforms) = preSolution
		Debug|Any CPU = Debug|Any CPU
		Release|Any CPU = Release|Any CPU
	EndGlobalSection
	GlobalSection(ProjectConfigurationPlatforms) = postSolution
		{BAB4DFC6-0FA9-44AD-95CF-B72BD8D23061}.Debug|Any CPU.ActiveCfg = Debug|Any CPU
		{BAB4DFC6-0FA9-44AD-95CF-B72BD8D23061}.Debug|Any CPU.Build.0 = Debug|Any CPU
		{BAB4DFC6-0FA9-44AD-95CF-B72BD8D23061}.Release|Any CPU.ActiveCfg = Release|Any CPU
		{BAB4DFC6-0FA9-44AD-95CF-B72BD8D23061}.Release|Any CPU.Build.0 = Release|Any CPU
		{AA57AFA8-54C7-46FF-A2FF-04E8521A262A}.Debug|Any CPU.ActiveCfg = Debug|Any CPU
		{AA57AFA8-54C7-46FF-A2FF-04E8521A262A}.Debug|Any CPU.Build.0 = Debug|Any CPU
		{AA57AFA8-54C7-46FF-A2FF-04E8521A262A}.Release|Any CPU.ActiveCfg = Release|Any CPU
		{AA57AFA8-54C7-46FF-A2FF-04E8521A262A}.Release|Any CPU.Build.0 = Release|Any CPU
		{625EF214-D572-43C9-8D4D-F8FB6D5644F0}.Debug|Any CPU.ActiveCfg = Debug|Any CPU
		{625EF214-D572-43C9-8D4D-F8FB6D5644F0}.Debug|Any CPU.Build.0 = Debug|Any CPU
		{625EF214-D572-43C9-8D4D-F8FB6D5644F0}.Release|Any CPU.ActiveCfg = Release|Any CPU
		{625EF214-D572-43C9-8D4D-F8FB6D5644F0}.Release|Any CPU.Build.0 = Release|Any CPU
		{864A0CB8-0627-4146-A1AB-B1F492FD42A8}.Debug|Any CPU.ActiveCfg = Debug|Any CPU
		{864A0CB8-0627-4146-A1AB-B1F492FD42A8}.Debug|Any CPU.Build.0 = Debug|Any CPU
		{864A0CB8-0627-4146-A1AB-B1F492FD42A8}.Release|Any CPU.ActiveCfg = Release|Any CPU
		{864A0CB8-0627-4146-A1AB-B1F492FD42A8}.Release|Any CPU.Build.0 = Release|Any CPU
		{D8AC5255-8E4C-403A-AB30-91D5CC32B1FC}.Debug|Any CPU.ActiveCfg = Debug|Any CPU
		{D8AC5255-8E4C-403A-AB30-91D5CC32B1FC}.Debug|Any CPU.Build.0 = Debug|Any CPU
		{D8AC5255-8E4C-403A-AB30-91D5CC32B1FC}.Release|Any CPU.ActiveCfg = Release|Any CPU
		{D8AC5255-8E4C-403A-AB30-91D5CC32B1FC}.Release|Any CPU.Build.0 = Release|Any CPU
		{7FDCA05D-C463-4BB8-9276-FB09708F7AF7}.Debug|Any CPU.ActiveCfg = Debug|Any CPU
		{7FDCA05D-C463-4BB8-9276-FB09708F7AF7}.Debug|Any CPU.Build.0 = Debug|Any CPU
		{7FDCA05D-C463-4BB8-9276-FB09708F7AF7}.Release|Any CPU.ActiveCfg = Release|Any CPU
		{7FDCA05D-C463-4BB8-9276-FB09708F7AF7}.Release|Any CPU.Build.0 = Release|Any CPU
		{9697D4E5-6643-4E1A-8A08-2A41FE858805}.Debug|Any CPU.ActiveCfg = Debug|Any CPU
		{9697D4E5-6643-4E1A-8A08-2A41FE858805}.Debug|Any CPU.Build.0 = Debug|Any CPU
		{9697D4E5-6643-4E1A-8A08-2A41FE858805}.Release|Any CPU.ActiveCfg = Release|Any CPU
		{9697D4E5-6643-4E1A-8A08-2A41FE858805}.Release|Any CPU.Build.0 = Release|Any CPU
		{7265ED52-43B1-47DF-9DA3-0A86C4FE921E}.Debug|Any CPU.ActiveCfg = Debug|Any CPU
		{7265ED52-43B1-47DF-9DA3-0A86C4FE921E}.Debug|Any CPU.Build.0 = Debug|Any CPU
		{7265ED52-43B1-47DF-9DA3-0A86C4FE921E}.Release|Any CPU.ActiveCfg = Release|Any CPU
		{7265ED52-43B1-47DF-9DA3-0A86C4FE921E}.Release|Any CPU.Build.0 = Release|Any CPU
		{720A496F-EE38-4724-9FFF-94C54D19B09A}.Debug|Any CPU.ActiveCfg = Debug|Any CPU
		{720A496F-EE38-4724-9FFF-94C54D19B09A}.Debug|Any CPU.Build.0 = Debug|Any CPU
		{720A496F-EE38-4724-9FFF-94C54D19B09A}.Release|Any CPU.ActiveCfg = Release|Any CPU
		{720A496F-EE38-4724-9FFF-94C54D19B09A}.Release|Any CPU.Build.0 = Release|Any CPU
		{5720EED1-88AB-4EA1-A4CA-09D27B98F52E}.Debug|Any CPU.ActiveCfg = Debug|Any CPU
		{5720EED1-88AB-4EA1-A4CA-09D27B98F52E}.Debug|Any CPU.Build.0 = Debug|Any CPU
		{5720EED1-88AB-4EA1-A4CA-09D27B98F52E}.Release|Any CPU.ActiveCfg = Release|Any CPU
		{5720EED1-88AB-4EA1-A4CA-09D27B98F52E}.Release|Any CPU.Build.0 = Release|Any CPU
		{E544753F-412E-4DF4-ADC6-CB1E0F4B6C53}.Debug|Any CPU.ActiveCfg = Debug|Any CPU
		{E544753F-412E-4DF4-ADC6-CB1E0F4B6C53}.Debug|Any CPU.Build.0 = Debug|Any CPU
		{E544753F-412E-4DF4-ADC6-CB1E0F4B6C53}.Release|Any CPU.ActiveCfg = Release|Any CPU
		{E544753F-412E-4DF4-ADC6-CB1E0F4B6C53}.Release|Any CPU.Build.0 = Release|Any CPU
		{EEBE8164-ACDF-4FBB-A0AB-7A51E2E66359}.Debug|Any CPU.ActiveCfg = Debug|Any CPU
		{EEBE8164-ACDF-4FBB-A0AB-7A51E2E66359}.Debug|Any CPU.Build.0 = Debug|Any CPU
		{EEBE8164-ACDF-4FBB-A0AB-7A51E2E66359}.Release|Any CPU.ActiveCfg = Release|Any CPU
		{EEBE8164-ACDF-4FBB-A0AB-7A51E2E66359}.Release|Any CPU.Build.0 = Release|Any CPU
		{76269859-8538-4DA9-9CC8-47EC26FD6BE0}.Debug|Any CPU.ActiveCfg = Debug|Any CPU
		{76269859-8538-4DA9-9CC8-47EC26FD6BE0}.Debug|Any CPU.Build.0 = Debug|Any CPU
		{76269859-8538-4DA9-9CC8-47EC26FD6BE0}.Release|Any CPU.ActiveCfg = Release|Any CPU
		{76269859-8538-4DA9-9CC8-47EC26FD6BE0}.Release|Any CPU.Build.0 = Release|Any CPU
		{9A5EBADA-714C-40A0-9682-8C684CABB8EE}.Debug|Any CPU.ActiveCfg = Debug|Any CPU
		{9A5EBADA-714C-40A0-9682-8C684CABB8EE}.Debug|Any CPU.Build.0 = Debug|Any CPU
		{9A5EBADA-714C-40A0-9682-8C684CABB8EE}.Release|Any CPU.ActiveCfg = Release|Any CPU
		{9A5EBADA-714C-40A0-9682-8C684CABB8EE}.Release|Any CPU.Build.0 = Release|Any CPU
		{9F6825D5-2FB0-4D18-8832-44C998C134CA}.Debug|Any CPU.ActiveCfg = Debug|Any CPU
		{9F6825D5-2FB0-4D18-8832-44C998C134CA}.Debug|Any CPU.Build.0 = Debug|Any CPU
		{9F6825D5-2FB0-4D18-8832-44C998C134CA}.Release|Any CPU.ActiveCfg = Release|Any CPU
		{9F6825D5-2FB0-4D18-8832-44C998C134CA}.Release|Any CPU.Build.0 = Release|Any CPU
		{896A7FEB-4DCA-4D9B-AC4A-D2F534F13B49}.Debug|Any CPU.ActiveCfg = Debug|Any CPU
		{896A7FEB-4DCA-4D9B-AC4A-D2F534F13B49}.Debug|Any CPU.Build.0 = Debug|Any CPU
		{896A7FEB-4DCA-4D9B-AC4A-D2F534F13B49}.Release|Any CPU.ActiveCfg = Release|Any CPU
		{896A7FEB-4DCA-4D9B-AC4A-D2F534F13B49}.Release|Any CPU.Build.0 = Release|Any CPU
		{4EEAA3D8-FFE4-42D2-AFAB-72F7F4750B64}.Debug|Any CPU.ActiveCfg = Debug|Any CPU
		{4EEAA3D8-FFE4-42D2-AFAB-72F7F4750B64}.Debug|Any CPU.Build.0 = Debug|Any CPU
		{4EEAA3D8-FFE4-42D2-AFAB-72F7F4750B64}.Release|Any CPU.ActiveCfg = Release|Any CPU
		{4EEAA3D8-FFE4-42D2-AFAB-72F7F4750B64}.Release|Any CPU.Build.0 = Release|Any CPU
		{596B82AC-D7E2-496F-B132-262FC7E22B23}.Debug|Any CPU.ActiveCfg = Debug|Any CPU
		{596B82AC-D7E2-496F-B132-262FC7E22B23}.Debug|Any CPU.Build.0 = Debug|Any CPU
		{596B82AC-D7E2-496F-B132-262FC7E22B23}.Release|Any CPU.ActiveCfg = Release|Any CPU
		{596B82AC-D7E2-496F-B132-262FC7E22B23}.Release|Any CPU.Build.0 = Release|Any CPU
	EndGlobalSection
	GlobalSection(SolutionProperties) = preSolution
		HideSolutionNode = FALSE
	EndGlobalSection
	GlobalSection(ExtensibilityGlobals) = postSolution
		SolutionGuid = {A4BD455D-C5B6-4ED8-A569-CD4FC94EBCAD}
	EndGlobalSection
EndGlobal
