
Microsoft Visual Studio Solution File, Format Version 12.00
# Visual Studio Version 16
VisualStudioVersion = 16.0.32126.315
MinimumVisualStudioVersion = 10.0.40219.1
Project("{9A19103F-16F7-4668-BE54-9A1E7A4F7556}") = "Demo-Text", "Demo-Text\Demo-Text.csproj", "{BAB4DFC6-0FA9-44AD-95CF-B72BD8D23061}"
EndProject
Project("{9A19103F-16F7-4668-BE54-9A1E7A4F7556}") = "Demo-Convertion", "Demo-Convertion\Demo-Convertion.csproj", "{AA57AFA8-54C7-46FF-A2FF-04E8521A262A}"
EndProject
Project("{9A19103F-16F7-4668-BE54-9A1E7A4F7556}") = "Demo-Operators", "Demo-Operators\Demo-Operators.csproj", "{625EF214-D572-43C9-8D4D-F8FB6D5644F0}"
EndProject
Project("{9A19103F-16F7-4668-BE54-9A1E7A4F7556}") = "Demo-Condition", "Demo-Condition\Demo-Condition.csproj", "{864A0CB8-0627-4146-A1AB-B1F492FD42A8}"
EndProject
Project("{FAE04EC0-301F-11D3-BF4B-00C04F79EFBC}") = "Demo-PatternMatching", "Demo-PatternMatching\Demo-PatternMatching.csproj", "{D8AC5255-8E4C-403A-AB30-91D5CC32B1FC}"
EndProject
Project("{FAE04EC0-301F-11D3-BF4B-00C04F79EFBC}") = "Demo-Boucles", "Demo-Boucles\Demo-Boucles.csproj", "{7FDCA05D-C463-4BB8-9276-FB09708F7AF7}"
EndProject
Global
	GlobalSection(SolutionConfigurationPlatforms) = preSolution
		Debug|Any CPU = Debug|Any CPU
		Release|Any CPU = Release|Any CPU
	EndGlobalSection
	GlobalSection(ProjectConfigurationPlatforms) = postSolution
		{BAB4DFC6-0FA9-44AD-95CF-B72BD8D23061}.Debug|Any CPU.ActiveCfg = Debug|Any CPU
		{BAB4DFC6-0FA9-44AD-95CF-B72BD8D23061}.Debug|Any CPU.Build.0 = Debug|Any CPU
		{BAB4DFC6-0FA9-44AD-95CF-B72BD8D23061}.Release|Any CPU.ActiveCfg = Release|Any CPU
		{BAB4DFC6-0FA9-44AD-95CF-B72BD8D23061}.Release|Any CPU.Build.0 = Release|Any CPU
		{AA57AFA8-54C7-46FF-A2FF-04E8521A262A}.Debug|Any CPU.ActiveCfg = Debug|Any CPU
		{AA57AFA8-54C7-46FF-A2FF-04E8521A262A}.Debug|Any CPU.Build.0 = Debug|Any CPU
		{AA57AFA8-54C7-46FF-A2FF-04E8521A262A}.Release|Any CPU.ActiveCfg = Release|Any CPU
		{AA57AFA8-54C7-46FF-A2FF-04E8521A262A}.Release|Any CPU.Build.0 = Release|Any CPU
		{625EF214-D572-43C9-8D4D-F8FB6D5644F0}.Debug|Any CPU.ActiveCfg = Debug|Any CPU
		{625EF214-D572-43C9-8D4D-F8FB6D5644F0}.Debug|Any CPU.Build.0 = Debug|Any CPU
		{625EF214-D572-43C9-8D4D-F8FB6D5644F0}.Release|Any CPU.ActiveCfg = Release|Any CPU
		{625EF214-D572-43C9-8D4D-F8FB6D5644F0}.Release|Any CPU.Build.0 = Release|Any CPU
		{864A0CB8-0627-4146-A1AB-B1F492FD42A8}.Debug|Any CPU.ActiveCfg = Debug|Any CPU
		{864A0CB8-0627-4146-A1AB-B1F492FD42A8}.Debug|Any CPU.Build.0 = Debug|Any CPU
		{864A0CB8-0627-4146-A1AB-B1F492FD42A8}.Release|Any CPU.ActiveCfg = Release|Any CPU
		{864A0CB8-0627-4146-A1AB-B1F492FD42A8}.Release|Any CPU.Build.0 = Release|Any CPU
		{D8AC5255-8E4C-403A-AB30-91D5CC32B1FC}.Debug|Any CPU.ActiveCfg = Debug|Any CPU
		{D8AC5255-8E4C-403A-AB30-91D5CC32B1FC}.Debug|Any CPU.Build.0 = Debug|Any CPU
		{D8AC5255-8E4C-403A-AB30-91D5CC32B1FC}.Release|Any CPU.ActiveCfg = Release|Any CPU
		{D8AC5255-8E4C-403A-AB30-91D5CC32B1FC}.Release|Any CPU.Build.0 = Release|Any CPU
		{7FDCA05D-C463-4BB8-9276-FB09708F7AF7}.Debug|Any CPU.ActiveCfg = Debug|Any CPU
		{7FDCA05D-C463-4BB8-9276-FB09708F7AF7}.Debug|Any CPU.Build.0 = Debug|Any CPU
		{7FDCA05D-C463-4BB8-9276-FB09708F7AF7}.Release|Any CPU.ActiveCfg = Release|Any CPU
		{7FDCA05D-C463-4BB8-9276-FB09708F7AF7}.Release|Any CPU.Build.0 = Release|Any CPU
	EndGlobalSection
	GlobalSection(SolutionProperties) = preSolution
		HideSolutionNode = FALSE
	EndGlobalSection
	GlobalSection(ExtensibilityGlobals) = postSolution
		SolutionGuid = {A4BD455D-C5B6-4ED8-A569-CD4FC94EBCAD}
	EndGlobalSection
EndGlobal
