
Microsoft Visual Studio Solution File, Format Version 12.00
# Visual Studio Version 16
VisualStudioVersion = 16.0.32126.315
MinimumVisualStudioVersion = 10.0.40219.1
Project("{FAE04EC0-301F-11D3-BF4B-00C04F79EFBC}") = "Demo-Text", "Demo-Text\Demo-Text.csproj", "{BAB4DFC6-0FA9-44AD-95CF-B72BD8D23061}"
EndProject
Project("{FAE04EC0-301F-11D3-BF4B-00C04F79EFBC}") = "Demo-Convertion", "Demo-Convertion\Demo-Convertion.csproj", "{AA57AFA8-54C7-46FF-A2FF-04E8521A262A}"
EndProject
Global
	GlobalSection(SolutionConfigurationPlatforms) = preSolution
		Debug|Any CPU = Debug|Any CPU
		Release|Any CPU = Release|Any CPU
	EndGlobalSection
	GlobalSection(ProjectConfigurationPlatforms) = postSolution
		{BAB4DFC6-0FA9-44AD-95CF-B72BD8D23061}.Debug|Any CPU.ActiveCfg = Debug|Any CPU
		{BAB4DFC6-0FA9-44AD-95CF-B72BD8D23061}.Debug|Any CPU.Build.0 = Debug|Any CPU
		{BAB4DFC6-0FA9-44AD-95CF-B72BD8D23061}.Release|Any CPU.ActiveCfg = Release|Any CPU
		{BAB4DFC6-0FA9-44AD-95CF-B72BD8D23061}.Release|Any CPU.Build.0 = Release|Any CPU
		{AA57AFA8-54C7-46FF-A2FF-04E8521A262A}.Debug|Any CPU.ActiveCfg = Debug|Any CPU
		{AA57AFA8-54C7-46FF-A2FF-04E8521A262A}.Debug|Any CPU.Build.0 = Debug|Any CPU
		{AA57AFA8-54C7-46FF-A2FF-04E8521A262A}.Release|Any CPU.ActiveCfg = Release|Any CPU
		{AA57AFA8-54C7-46FF-A2FF-04E8521A262A}.Release|Any CPU.Build.0 = Release|Any CPU
	EndGlobalSection
	GlobalSection(SolutionProperties) = preSolution
		HideSolutionNode = FALSE
	EndGlobalSection
	GlobalSection(ExtensibilityGlobals) = postSolution
		SolutionGuid = {A4BD455D-C5B6-4ED8-A569-CD4FC94EBCAD}
	EndGlobalSection
EndGlobal
